
Microsoft Visual Studio Solution File, Format Version 12.00
# Visual Studio Version 17
VisualStudioVersion = 17.8.34330.188
MinimumVisualStudioVersion = 10.0.40219.1
Project("{FAE04EC0-301F-11D3-BF4B-00C04F79EFBC}") = "SalesWebMVC", "SalesWebMVC\SalesWebMVC.csproj", "{AC507D5F-6EAF-47A9-B2F0-7B6FE5AFD344}"
EndProject
Global
	GlobalSection(SolutionConfigurationPlatforms) = preSolution
		Debug|Any CPU = Debug|Any CPU
		Release|Any CPU = Release|Any CPU
	EndGlobalSection
	GlobalSection(ProjectConfigurationPlatforms) = postSolution
		{AC507D5F-6EAF-47A9-B2F0-7B6FE5AFD344}.Debug|Any CPU.ActiveCfg = Debug|Any CPU
		{AC507D5F-6EAF-47A9-B2F0-7B6FE5AFD344}.Debug|Any CPU.Build.0 = Debug|Any CPU
		{AC507D5F-6EAF-47A9-B2F0-7B6FE5AFD344}.Release|Any CPU.ActiveCfg = Release|Any CPU
		{AC507D5F-6EAF-47A9-B2F0-7B6FE5AFD344}.Release|Any CPU.Build.0 = Release|Any CPU
	EndGlobalSection
	GlobalSection(SolutionProperties) = preSolution
		HideSolutionNode = FALSE
	EndGlobalSection
	GlobalSection(ExtensibilityGlobals) = postSolution
		SolutionGuid = {DC9E14D1-BB24-4B56-ADD8-D2595238A59E}
	EndGlobalSection
EndGlobal
